
Microsoft Visual Studio Solution File, Format Version 11.00
# Visual Studio 2010
Project("{FAE04EC0-301F-11D3-BF4B-00C04F79EFBC}") = "ORK3", "ORK3\ORK3.csproj", "{FA1EFCAE-3808-438D-A1F4-6A5BDA4235D3}"
EndProject
Project("{FAE04EC0-301F-11D3-BF4B-00C04F79EFBC}") = "TestServices", "TestServices\TestServices.csproj", "{FFFAD23D-1347-4D79-8DAA-739231C60F79}"
EndProject
Global
	GlobalSection(SolutionConfigurationPlatforms) = preSolution
		Debug|x86 = Debug|x86
		Release|x86 = Release|x86
	EndGlobalSection
	GlobalSection(ProjectConfigurationPlatforms) = postSolution
		{FA1EFCAE-3808-438D-A1F4-6A5BDA4235D3}.Debug|x86.ActiveCfg = Debug|x86
		{FA1EFCAE-3808-438D-A1F4-6A5BDA4235D3}.Debug|x86.Build.0 = Debug|x86
		{FA1EFCAE-3808-438D-A1F4-6A5BDA4235D3}.Release|x86.ActiveCfg = Release|x86
		{FA1EFCAE-3808-438D-A1F4-6A5BDA4235D3}.Release|x86.Build.0 = Release|x86
		{FFFAD23D-1347-4D79-8DAA-739231C60F79}.Debug|x86.ActiveCfg = Debug|x86
		{FFFAD23D-1347-4D79-8DAA-739231C60F79}.Debug|x86.Build.0 = Debug|x86
		{FFFAD23D-1347-4D79-8DAA-739231C60F79}.Release|x86.ActiveCfg = Release|x86
		{FFFAD23D-1347-4D79-8DAA-739231C60F79}.Release|x86.Build.0 = Release|x86
	EndGlobalSection
	GlobalSection(SolutionProperties) = preSolution
		HideSolutionNode = FALSE
	EndGlobalSection
EndGlobal
